
Microsoft Visual Studio Solution File, Format Version 12.00
# Visual Studio Version 17
VisualStudioVersion = 17.4.33213.308
MinimumVisualStudioVersion = 10.0.40219.1
Project("{FAE04EC0-301F-11D3-BF4B-00C04F79EFBC}") = "QLPhongTro", "QLPhongTro\QLPhongTro.csproj", "{9224A07E-9104-46CC-AED6-847280732D57}"
EndProject
Global
	GlobalSection(SolutionConfigurationPlatforms) = preSolution
		Debug|Any CPU = Debug|Any CPU
		Release|Any CPU = Release|Any CPU
	EndGlobalSection
	GlobalSection(ProjectConfigurationPlatforms) = postSolution
		{9224A07E-9104-46CC-AED6-847280732D57}.Debug|Any CPU.ActiveCfg = Debug|Any CPU
		{9224A07E-9104-46CC-AED6-847280732D57}.Debug|Any CPU.Build.0 = Debug|Any CPU
		{9224A07E-9104-46CC-AED6-847280732D57}.Release|Any CPU.ActiveCfg = Release|Any CPU
		{9224A07E-9104-46CC-AED6-847280732D57}.Release|Any CPU.Build.0 = Release|Any CPU
	EndGlobalSection
	GlobalSection(SolutionProperties) = preSolution
		HideSolutionNode = FALSE
	EndGlobalSection
	GlobalSection(ExtensibilityGlobals) = postSolution
		SolutionGuid = {EAA763B2-2D1F-4B6E-AD6C-ECB7EC21EC38}
	EndGlobalSection
EndGlobal
